
Microsoft Visual Studio Solution File, Format Version 12.00
# Visual Studio Version 16
VisualStudioVersion = 16.0.31313.79
MinimumVisualStudioVersion = 10.0.40219.1
Project("{FAE04EC0-301F-11D3-BF4B-00C04F79EFBC}") = "tollCalculator", "tollCalculator\tollCalculator.csproj", "{D1F874B1-16DC-43FB-B086-680AB32241F9}"
EndProject
Project("{FAE04EC0-301F-11D3-BF4B-00C04F79EFBC}") = "tollCalculatorTests", "tollCalculatorTests\tollCalculatorTests.csproj", "{D2F86A17-FB82-45E2-ABD5-960A649AED81}"
EndProject
Global
	GlobalSection(SolutionConfigurationPlatforms) = preSolution
		Debug|Any CPU = Debug|Any CPU
		Release|Any CPU = Release|Any CPU
	EndGlobalSection
	GlobalSection(ProjectConfigurationPlatforms) = postSolution
		{D1F874B1-16DC-43FB-B086-680AB32241F9}.Debug|Any CPU.ActiveCfg = Debug|Any CPU
		{D1F874B1-16DC-43FB-B086-680AB32241F9}.Debug|Any CPU.Build.0 = Debug|Any CPU
		{D1F874B1-16DC-43FB-B086-680AB32241F9}.Release|Any CPU.ActiveCfg = Release|Any CPU
		{D1F874B1-16DC-43FB-B086-680AB32241F9}.Release|Any CPU.Build.0 = Release|Any CPU
		{D2F86A17-FB82-45E2-ABD5-960A649AED81}.Debug|Any CPU.ActiveCfg = Debug|Any CPU
		{D2F86A17-FB82-45E2-ABD5-960A649AED81}.Debug|Any CPU.Build.0 = Debug|Any CPU
		{D2F86A17-FB82-45E2-ABD5-960A649AED81}.Release|Any CPU.ActiveCfg = Release|Any CPU
		{D2F86A17-FB82-45E2-ABD5-960A649AED81}.Release|Any CPU.Build.0 = Release|Any CPU
	EndGlobalSection
	GlobalSection(SolutionProperties) = preSolution
		HideSolutionNode = FALSE
	EndGlobalSection
	GlobalSection(ExtensibilityGlobals) = postSolution
		SolutionGuid = {018D9D8F-FEC5-4F2F-A0D6-0D906DD825E3}
	EndGlobalSection
EndGlobal
